
Microsoft Visual Studio Solution File, Format Version 12.00
# Visual Studio 15
VisualStudioVersion = 15.0.28010.2046
MinimumVisualStudioVersion = 10.0.40219.1
Project("{2150E333-8FDC-42A3-9474-1A3956D46DE8}") = "HW1", "HW1", "{51493FA8-DF72-4238-B878-47EFA4239FAC}"
EndProject
Project("{2150E333-8FDC-42A3-9474-1A3956D46DE8}") = "HW2", "HW2", "{F58AA807-CA83-4E82-906E-80501C21BC3F}"
EndProject
Project("{2150E333-8FDC-42A3-9474-1A3956D46DE8}") = "HW3", "HW3", "{81805F88-7670-4525-A5A6-A26A93596CD4}"
EndProject
Project("{2150E333-8FDC-42A3-9474-1A3956D46DE8}") = "HW4", "HW4", "{27E3210A-8BC3-45C2-84E5-9C7438F69801}"
EndProject
Project("{2150E333-8FDC-42A3-9474-1A3956D46DE8}") = "HW5", "HW5", "{0BC9AF35-FA1B-4448-9BC9-B7C5E6F853C1}"
EndProject
Project("{2150E333-8FDC-42A3-9474-1A3956D46DE8}") = "HW6", "HW6", "{4CD3C088-0321-4C05-A748-B054A5654580}"
EndProject
Project("{2150E333-8FDC-42A3-9474-1A3956D46DE8}") = "HW7", "HW7", "{E15F0642-BD40-4553-876A-09A3DE9B5740}"
EndProject
Project("{2150E333-8FDC-42A3-9474-1A3956D46DE8}") = "HW8", "HW8", "{E400ECF0-3C09-41DE-ACCA-04038E0879F2}"
EndProject
Project("{2150E333-8FDC-42A3-9474-1A3956D46DE8}") = "HW9", "HW9", "{BD59B7C9-53DC-4FB8-82E4-231D8A75BF7C}"
EndProject
Project("{2150E333-8FDC-42A3-9474-1A3956D46DE8}") = "HW10", "HW10", "{A52DF7CC-1AD0-4AC4-A9A6-7351B98877F5}"
EndProject
Project("{FAE04EC0-301F-11D3-BF4B-00C04F79EFBC}") = "RJL.UIP.HW1.VariablesTypes", "RJL.UIP.HW1.VariablesTypes\RJL.UIP.HW1.VariablesTypes.csproj", "{AA23E2B1-5347-4A46-B384-C6AEC5E203CA}"
EndProject
Project("{FAE04EC0-301F-11D3-BF4B-00C04F79EFBC}") = "RJL.UIP.HW2.ConditionsArraysLoops", "RJL.UIP.HW2.ConditionsArraysLoops\RJL.UIP.HW2.ConditionsArraysLoops.csproj", "{F48696F6-32E4-48EB-A69A-ADB3EFF2E019}"
EndProject
Global
	GlobalSection(SolutionConfigurationPlatforms) = preSolution
		Debug|Any CPU = Debug|Any CPU
		Release|Any CPU = Release|Any CPU
	EndGlobalSection
	GlobalSection(ProjectConfigurationPlatforms) = postSolution
		{AA23E2B1-5347-4A46-B384-C6AEC5E203CA}.Debug|Any CPU.ActiveCfg = Debug|Any CPU
		{AA23E2B1-5347-4A46-B384-C6AEC5E203CA}.Debug|Any CPU.Build.0 = Debug|Any CPU
		{AA23E2B1-5347-4A46-B384-C6AEC5E203CA}.Release|Any CPU.ActiveCfg = Release|Any CPU
		{AA23E2B1-5347-4A46-B384-C6AEC5E203CA}.Release|Any CPU.Build.0 = Release|Any CPU
		{F48696F6-32E4-48EB-A69A-ADB3EFF2E019}.Debug|Any CPU.ActiveCfg = Debug|Any CPU
		{F48696F6-32E4-48EB-A69A-ADB3EFF2E019}.Debug|Any CPU.Build.0 = Debug|Any CPU
		{F48696F6-32E4-48EB-A69A-ADB3EFF2E019}.Release|Any CPU.ActiveCfg = Release|Any CPU
		{F48696F6-32E4-48EB-A69A-ADB3EFF2E019}.Release|Any CPU.Build.0 = Release|Any CPU
	EndGlobalSection
	GlobalSection(SolutionProperties) = preSolution
		HideSolutionNode = FALSE
	EndGlobalSection
	GlobalSection(NestedProjects) = preSolution
		{AA23E2B1-5347-4A46-B384-C6AEC5E203CA} = {51493FA8-DF72-4238-B878-47EFA4239FAC}
		{F48696F6-32E4-48EB-A69A-ADB3EFF2E019} = {F58AA807-CA83-4E82-906E-80501C21BC3F}
	EndGlobalSection
	GlobalSection(ExtensibilityGlobals) = postSolution
		SolutionGuid = {87CD199D-58C8-4A4D-90FA-0CC7A04F3D56}
	EndGlobalSection
EndGlobal
