
Microsoft Visual Studio Solution File, Format Version 12.00
# Visual Studio 15
VisualStudioVersion = 15.0.28010.2046
MinimumVisualStudioVersion = 10.0.40219.1
Project("{2150E333-8FDC-42A3-9474-1A3956D46DE8}") = "HW1", "HW1", "{51493FA8-DF72-4238-B878-47EFA4239FAC}"
EndProject
Project("{2150E333-8FDC-42A3-9474-1A3956D46DE8}") = "HW2", "HW2", "{F58AA807-CA83-4E82-906E-80501C21BC3F}"
EndProject
Project("{2150E333-8FDC-42A3-9474-1A3956D46DE8}") = "HW3", "HW3", "{81805F88-7670-4525-A5A6-A26A93596CD4}"
EndProject
Project("{2150E333-8FDC-42A3-9474-1A3956D46DE8}") = "HW4", "HW4", "{27E3210A-8BC3-45C2-84E5-9C7438F69801}"
EndProject
Project("{2150E333-8FDC-42A3-9474-1A3956D46DE8}") = "HW5", "HW5", "{0BC9AF35-FA1B-4448-9BC9-B7C5E6F853C1}"
EndProject
Project("{2150E333-8FDC-42A3-9474-1A3956D46DE8}") = "HW6", "HW6", "{4CD3C088-0321-4C05-A748-B054A5654580}"
EndProject
Project("{2150E333-8FDC-42A3-9474-1A3956D46DE8}") = "HW7", "HW7", "{E15F0642-BD40-4553-876A-09A3DE9B5740}"
EndProject
Project("{2150E333-8FDC-42A3-9474-1A3956D46DE8}") = "HW8", "HW8", "{E400ECF0-3C09-41DE-ACCA-04038E0879F2}"
EndProject
Project("{2150E333-8FDC-42A3-9474-1A3956D46DE8}") = "HW9", "HW9", "{BD59B7C9-53DC-4FB8-82E4-231D8A75BF7C}"
EndProject
Project("{2150E333-8FDC-42A3-9474-1A3956D46DE8}") = "HW10", "HW10", "{A52DF7CC-1AD0-4AC4-A9A6-7351B98877F5}"
EndProject
Project("{FAE04EC0-301F-11D3-BF4B-00C04F79EFBC}") = "RJL.UIP.HW1.VariablesTypes", "RJL.UIP.HW1.VariablesTypes\RJL.UIP.HW1.VariablesTypes.csproj", "{AA23E2B1-5347-4A46-B384-C6AEC5E203CA}"
EndProject
Project("{FAE04EC0-301F-11D3-BF4B-00C04F79EFBC}") = "RJL.UIP.HW2.ConditionsArraysLoops", "RJL.UIP.HW2.ConditionsArraysLoops\RJL.UIP.HW2.ConditionsArraysLoops.csproj", "{F48696F6-32E4-48EB-A69A-ADB3EFF2E019}"
EndProject
Project("{FAE04EC0-301F-11D3-BF4B-00C04F79EFBC}") = "RJL.UIP.HW3.ConditionalsMethods", "RJL.UIP.HW3.ConditionalsMethods\RJL.UIP.HW3.ConditionalsMethods.csproj", "{6DABFAB8-2C8D-4872-B857-3A507C091C6A}"
EndProject
Project("{FAE04EC0-301F-11D3-BF4B-00C04F79EFBC}") = "RJL.HW4.OOP.Classes.Task1", "RJL.HW4.OOP.Classes\RJL.HW4.OOP.Classes.Task1.csproj", "{6CCCE6BE-AB39-45B4-80D2-09D6F3DCE40E}"
EndProject
Project("{FAE04EC0-301F-11D3-BF4B-00C04F79EFBC}") = "RJL.HW4.OOP.Classes.Task2", "RJL.HW4.OOP.Classes.Task2\RJL.HW4.OOP.Classes.Task2.csproj", "{D0ADDA79-A7EB-479A-A69F-6D8A6D1D456F}"
EndProject
Project("{FAE04EC0-301F-11D3-BF4B-00C04F79EFBC}") = "RJL.HW4.OOP.Classes.Task3", "RJL.HW4.OOP.Classes.Task3\RJL.HW4.OOP.Classes.Task3.csproj", "{A71A35D9-F597-4F4D-A508-D21F3B414B6F}"
EndProject
Project("{FAE04EC0-301F-11D3-BF4B-00C04F79EFBC}") = "RJL.UIP.HW7", "RJL.UIP.HW7\RJL.UIP.HW7.csproj", "{113772E8-D51B-4EB1-8C00-5458E55AF485}"
EndProject
Project("{FAE04EC0-301F-11D3-BF4B-00C04F79EFBC}") = "RJL.UIP.HW7.LoggerLibrary", "RJL.UIP.HW7.LoggerLibrary\RJL.UIP.HW7.LoggerLibrary.csproj", "{186C0AD4-4DA5-4A0C-B485-D83B316C0F4F}"
EndProject
Project("{2150E333-8FDC-42A3-9474-1A3956D46DE8}") = "RJL.UIP.HW8.EarthAreaCalculator.UI", "RJL.UIP.HW8.EarthAreaCalculator.UI", "{EFA03BB2-4772-4053-B55F-0D7D6D65E85F}"
EndProject
Project("{2150E333-8FDC-42A3-9474-1A3956D46DE8}") = "RJL.UIP.HW8.EarthAreaCalculator.Shared", "RJL.UIP.HW8.EarthAreaCalculator.Shared", "{2AA4FE05-658D-40F5-B65E-4072068CB2FF}"
EndProject
Project("{2150E333-8FDC-42A3-9474-1A3956D46DE8}") = "RJL.UIP.HW8.EarthAreaCalculator.DAL", "RJL.UIP.HW8.EarthAreaCalculator.DAL", "{F62BD982-D2EB-4AEA-8795-8F78141F3378}"
EndProject
Project("{2150E333-8FDC-42A3-9474-1A3956D46DE8}") = "RJL.UIP.HW8.EarthAreaCalculator.BAL", "RJL.UIP.HW8.EarthAreaCalculator.BAL", "{04CEC040-7FB4-42C5-9199-DA27800A7D97}"
EndProject
Project("{FAE04EC0-301F-11D3-BF4B-00C04F79EFBC}") = "RJL.UIP.HW8.EarthAreaCalculator.DAL", "RJL.UIP.HW8.EarthAreaCalculator.DAL\RJL.UIP.HW8.EarthAreaCalculator.DAL.csproj", "{2137BBF6-629B-4BB4-9675-91923D0172BD}"
EndProject
Project("{FAE04EC0-301F-11D3-BF4B-00C04F79EFBC}") = "RJL.UIP.HW8.EarthAreaCalculator.Shared", "RJL.UIP.HW8.EarthAreaCalculator.Shared\RJL.UIP.HW8.EarthAreaCalculator.Shared.csproj", "{28637CBA-65CA-4487-8CB5-8A1BD7EBE2CD}"
EndProject
Project("{FAE04EC0-301F-11D3-BF4B-00C04F79EFBC}") = "RJL.UIP.HW8.EarthAreaCalculator.BAL", "RJL.UIP.HW8.EarthAreaCalculator.BAL\RJL.UIP.HW8.EarthAreaCalculator.BAL.csproj", "{B34A1D7C-1E51-4B1E-A52D-2D64308B706C}"
EndProject
Project("{2150E333-8FDC-42A3-9474-1A3956D46DE8}") = "RJL.UIP.HW8.EarthAreaCalculator.Core", "RJL.UIP.HW8.EarthAreaCalculator.Core", "{1D13A7AD-FB6D-43C8-A74B-6684361C4D68}"
EndProject
Project("{FAE04EC0-301F-11D3-BF4B-00C04F79EFBC}") = "RJL.UIP.HW8.EarthAreaCalculator.UI.ConsoleUI", "RJL.UIP.HW8.EarthAreaCalculator.UI.ConsoleUI\RJL.UIP.HW8.EarthAreaCalculator.UI.ConsoleUI.csproj", "{BFA4DC6F-5AD0-469C-82A1-87247F5E3DD7}"
EndProject
Project("{FAE04EC0-301F-11D3-BF4B-00C04F79EFBC}") = "RJL.UIP.EarthAreaCalculator.Core", "RJL.UIP.EarthAreaCalculator.Core\RJL.UIP.EarthAreaCalculator.Core.csproj", "{6464AB39-C785-4182-BBB8-23950DD10DF2}"
EndProject
Global
	GlobalSection(SolutionConfigurationPlatforms) = preSolution
		Debug|Any CPU = Debug|Any CPU
		Release|Any CPU = Release|Any CPU
	EndGlobalSection
	GlobalSection(ProjectConfigurationPlatforms) = postSolution
		{AA23E2B1-5347-4A46-B384-C6AEC5E203CA}.Debug|Any CPU.ActiveCfg = Debug|Any CPU
		{AA23E2B1-5347-4A46-B384-C6AEC5E203CA}.Debug|Any CPU.Build.0 = Debug|Any CPU
		{AA23E2B1-5347-4A46-B384-C6AEC5E203CA}.Release|Any CPU.ActiveCfg = Release|Any CPU
		{AA23E2B1-5347-4A46-B384-C6AEC5E203CA}.Release|Any CPU.Build.0 = Release|Any CPU
		{F48696F6-32E4-48EB-A69A-ADB3EFF2E019}.Debug|Any CPU.ActiveCfg = Debug|Any CPU
		{F48696F6-32E4-48EB-A69A-ADB3EFF2E019}.Debug|Any CPU.Build.0 = Debug|Any CPU
		{F48696F6-32E4-48EB-A69A-ADB3EFF2E019}.Release|Any CPU.ActiveCfg = Release|Any CPU
		{F48696F6-32E4-48EB-A69A-ADB3EFF2E019}.Release|Any CPU.Build.0 = Release|Any CPU
		{6DABFAB8-2C8D-4872-B857-3A507C091C6A}.Debug|Any CPU.ActiveCfg = Debug|Any CPU
		{6DABFAB8-2C8D-4872-B857-3A507C091C6A}.Debug|Any CPU.Build.0 = Debug|Any CPU
		{6DABFAB8-2C8D-4872-B857-3A507C091C6A}.Release|Any CPU.ActiveCfg = Release|Any CPU
		{6DABFAB8-2C8D-4872-B857-3A507C091C6A}.Release|Any CPU.Build.0 = Release|Any CPU
		{6CCCE6BE-AB39-45B4-80D2-09D6F3DCE40E}.Debug|Any CPU.ActiveCfg = Debug|Any CPU
		{6CCCE6BE-AB39-45B4-80D2-09D6F3DCE40E}.Debug|Any CPU.Build.0 = Debug|Any CPU
		{6CCCE6BE-AB39-45B4-80D2-09D6F3DCE40E}.Release|Any CPU.ActiveCfg = Release|Any CPU
		{6CCCE6BE-AB39-45B4-80D2-09D6F3DCE40E}.Release|Any CPU.Build.0 = Release|Any CPU
		{D0ADDA79-A7EB-479A-A69F-6D8A6D1D456F}.Debug|Any CPU.ActiveCfg = Debug|Any CPU
		{D0ADDA79-A7EB-479A-A69F-6D8A6D1D456F}.Debug|Any CPU.Build.0 = Debug|Any CPU
		{D0ADDA79-A7EB-479A-A69F-6D8A6D1D456F}.Release|Any CPU.ActiveCfg = Release|Any CPU
		{D0ADDA79-A7EB-479A-A69F-6D8A6D1D456F}.Release|Any CPU.Build.0 = Release|Any CPU
		{A71A35D9-F597-4F4D-A508-D21F3B414B6F}.Debug|Any CPU.ActiveCfg = Debug|Any CPU
		{A71A35D9-F597-4F4D-A508-D21F3B414B6F}.Debug|Any CPU.Build.0 = Debug|Any CPU
		{A71A35D9-F597-4F4D-A508-D21F3B414B6F}.Release|Any CPU.ActiveCfg = Release|Any CPU
		{A71A35D9-F597-4F4D-A508-D21F3B414B6F}.Release|Any CPU.Build.0 = Release|Any CPU
		{113772E8-D51B-4EB1-8C00-5458E55AF485}.Debug|Any CPU.ActiveCfg = Debug|Any CPU
		{113772E8-D51B-4EB1-8C00-5458E55AF485}.Debug|Any CPU.Build.0 = Debug|Any CPU
		{113772E8-D51B-4EB1-8C00-5458E55AF485}.Release|Any CPU.ActiveCfg = Release|Any CPU
		{113772E8-D51B-4EB1-8C00-5458E55AF485}.Release|Any CPU.Build.0 = Release|Any CPU
		{186C0AD4-4DA5-4A0C-B485-D83B316C0F4F}.Debug|Any CPU.ActiveCfg = Debug|Any CPU
		{186C0AD4-4DA5-4A0C-B485-D83B316C0F4F}.Debug|Any CPU.Build.0 = Debug|Any CPU
		{186C0AD4-4DA5-4A0C-B485-D83B316C0F4F}.Release|Any CPU.ActiveCfg = Release|Any CPU
		{186C0AD4-4DA5-4A0C-B485-D83B316C0F4F}.Release|Any CPU.Build.0 = Release|Any CPU
		{2137BBF6-629B-4BB4-9675-91923D0172BD}.Debug|Any CPU.ActiveCfg = Debug|Any CPU
		{2137BBF6-629B-4BB4-9675-91923D0172BD}.Debug|Any CPU.Build.0 = Debug|Any CPU
		{2137BBF6-629B-4BB4-9675-91923D0172BD}.Release|Any CPU.ActiveCfg = Release|Any CPU
		{2137BBF6-629B-4BB4-9675-91923D0172BD}.Release|Any CPU.Build.0 = Release|Any CPU
		{28637CBA-65CA-4487-8CB5-8A1BD7EBE2CD}.Debug|Any CPU.ActiveCfg = Debug|Any CPU
		{28637CBA-65CA-4487-8CB5-8A1BD7EBE2CD}.Debug|Any CPU.Build.0 = Debug|Any CPU
		{28637CBA-65CA-4487-8CB5-8A1BD7EBE2CD}.Release|Any CPU.ActiveCfg = Release|Any CPU
		{28637CBA-65CA-4487-8CB5-8A1BD7EBE2CD}.Release|Any CPU.Build.0 = Release|Any CPU
		{B34A1D7C-1E51-4B1E-A52D-2D64308B706C}.Debug|Any CPU.ActiveCfg = Debug|Any CPU
		{B34A1D7C-1E51-4B1E-A52D-2D64308B706C}.Debug|Any CPU.Build.0 = Debug|Any CPU
		{B34A1D7C-1E51-4B1E-A52D-2D64308B706C}.Release|Any CPU.ActiveCfg = Release|Any CPU
		{B34A1D7C-1E51-4B1E-A52D-2D64308B706C}.Release|Any CPU.Build.0 = Release|Any CPU
		{BFA4DC6F-5AD0-469C-82A1-87247F5E3DD7}.Debug|Any CPU.ActiveCfg = Debug|Any CPU
		{BFA4DC6F-5AD0-469C-82A1-87247F5E3DD7}.Debug|Any CPU.Build.0 = Debug|Any CPU
		{BFA4DC6F-5AD0-469C-82A1-87247F5E3DD7}.Release|Any CPU.ActiveCfg = Release|Any CPU
		{BFA4DC6F-5AD0-469C-82A1-87247F5E3DD7}.Release|Any CPU.Build.0 = Release|Any CPU
		{6464AB39-C785-4182-BBB8-23950DD10DF2}.Debug|Any CPU.ActiveCfg = Debug|Any CPU
		{6464AB39-C785-4182-BBB8-23950DD10DF2}.Debug|Any CPU.Build.0 = Debug|Any CPU
		{6464AB39-C785-4182-BBB8-23950DD10DF2}.Release|Any CPU.ActiveCfg = Release|Any CPU
		{6464AB39-C785-4182-BBB8-23950DD10DF2}.Release|Any CPU.Build.0 = Release|Any CPU
	EndGlobalSection
	GlobalSection(SolutionProperties) = preSolution
		HideSolutionNode = FALSE
	EndGlobalSection
	GlobalSection(NestedProjects) = preSolution
		{AA23E2B1-5347-4A46-B384-C6AEC5E203CA} = {51493FA8-DF72-4238-B878-47EFA4239FAC}
		{F48696F6-32E4-48EB-A69A-ADB3EFF2E019} = {F58AA807-CA83-4E82-906E-80501C21BC3F}
		{6DABFAB8-2C8D-4872-B857-3A507C091C6A} = {81805F88-7670-4525-A5A6-A26A93596CD4}
		{6CCCE6BE-AB39-45B4-80D2-09D6F3DCE40E} = {27E3210A-8BC3-45C2-84E5-9C7438F69801}
		{D0ADDA79-A7EB-479A-A69F-6D8A6D1D456F} = {27E3210A-8BC3-45C2-84E5-9C7438F69801}
		{A71A35D9-F597-4F4D-A508-D21F3B414B6F} = {27E3210A-8BC3-45C2-84E5-9C7438F69801}
		{113772E8-D51B-4EB1-8C00-5458E55AF485} = {E15F0642-BD40-4553-876A-09A3DE9B5740}
		{186C0AD4-4DA5-4A0C-B485-D83B316C0F4F} = {E15F0642-BD40-4553-876A-09A3DE9B5740}
		{EFA03BB2-4772-4053-B55F-0D7D6D65E85F} = {E400ECF0-3C09-41DE-ACCA-04038E0879F2}
		{2AA4FE05-658D-40F5-B65E-4072068CB2FF} = {E400ECF0-3C09-41DE-ACCA-04038E0879F2}
		{F62BD982-D2EB-4AEA-8795-8F78141F3378} = {E400ECF0-3C09-41DE-ACCA-04038E0879F2}
		{04CEC040-7FB4-42C5-9199-DA27800A7D97} = {E400ECF0-3C09-41DE-ACCA-04038E0879F2}
		{2137BBF6-629B-4BB4-9675-91923D0172BD} = {F62BD982-D2EB-4AEA-8795-8F78141F3378}
		{28637CBA-65CA-4487-8CB5-8A1BD7EBE2CD} = {2AA4FE05-658D-40F5-B65E-4072068CB2FF}
		{B34A1D7C-1E51-4B1E-A52D-2D64308B706C} = {04CEC040-7FB4-42C5-9199-DA27800A7D97}
		{1D13A7AD-FB6D-43C8-A74B-6684361C4D68} = {E400ECF0-3C09-41DE-ACCA-04038E0879F2}
		{BFA4DC6F-5AD0-469C-82A1-87247F5E3DD7} = {EFA03BB2-4772-4053-B55F-0D7D6D65E85F}
		{6464AB39-C785-4182-BBB8-23950DD10DF2} = {1D13A7AD-FB6D-43C8-A74B-6684361C4D68}
	EndGlobalSection
	GlobalSection(ExtensibilityGlobals) = postSolution
		SolutionGuid = {87CD199D-58C8-4A4D-90FA-0CC7A04F3D56}
	EndGlobalSection
EndGlobal
